
Microsoft Visual Studio Solution File, Format Version 12.00
# Visual Studio 15
VisualStudioVersion = 15.0.28010.2046
MinimumVisualStudioVersion = 10.0.40219.1
Project("{FAE04EC0-301F-11D3-BF4B-00C04F79EFBC}") = "MobMentality", "MobMentality\MobMentality.csproj", "{94EE7AC1-219F-4CFD-972F-52A066C1DE3A}"
EndProject
Global
	GlobalSection(SolutionConfigurationPlatforms) = preSolution
		Debug|Any CPU = Debug|Any CPU
		Release|Any CPU = Release|Any CPU
	EndGlobalSection
	GlobalSection(ProjectConfigurationPlatforms) = postSolution
		{94EE7AC1-219F-4CFD-972F-52A066C1DE3A}.Debug|Any CPU.ActiveCfg = Debug|Any CPU
		{94EE7AC1-219F-4CFD-972F-52A066C1DE3A}.Debug|Any CPU.Build.0 = Debug|Any CPU
		{94EE7AC1-219F-4CFD-972F-52A066C1DE3A}.Release|Any CPU.ActiveCfg = Release|Any CPU
		{94EE7AC1-219F-4CFD-972F-52A066C1DE3A}.Release|Any CPU.Build.0 = Release|Any CPU
	EndGlobalSection
	GlobalSection(SolutionProperties) = preSolution
		HideSolutionNode = FALSE
	EndGlobalSection
	GlobalSection(ExtensibilityGlobals) = postSolution
		SolutionGuid = {F01E4A5B-AC0A-490F-ABB3-480C63FD0A72}
	EndGlobalSection
EndGlobal
